<?xml version="1.0" encoding="utf-8"?>
<Project ToolsVersion="4.0" xmlns="http://schemas.microsoft.com/developer/msbuild/2003">
  <ItemGroup>
    <Filter Include="include">
      <UniqueIdentifier>{494dda5c-aeaa-4243-9f43-d4b8cfd06e63}</UniqueIdentifier>
    </Filter>
    <Filter Include="src">
      <UniqueIdentifier>{4a9ffe39-0b97-4575-a57b-09bca0b44277}</UniqueIdentifier>
    </Filter>
  </ItemGroup>
  <ItemGroup>
    <ClInclude Include="include\fdkgame\Base.h">
      <Filter>include</Filter>
    </ClInclude>
    <ClInclude Include="include\fdkgame\Math.h">
      <Filter>include</Filter>
    </ClInclude>
    <ClInclude Include="include\fdkgame\FindPathAStar.h">
      <Filter>include</Filter>
    </ClInclude>
    <ClInclude Include="include\fdkgame\FindPathBase.h">
      <Filter>include</Filter>
    </ClInclude>
    <ClInclude Include="include\fdkgame\FindPathGridMap.h">
      <Filter>include</Filter>
    </ClInclude>
    <ClInclude Include="include\fdkgame\FindPathHpa.h">
      <Filter>include</Filter>
    </ClInclude>
    <ClInclude Include="include\fdkgame\Graph.h">
      <Filter>include</Filter>
    </ClInclude>
    <ClInclude Include="include\fdkgame\NaviTileMap.h">
      <Filter>include</Filter>
    </ClInclude>
    <ClInclude Include="include\fdkgame\NaviBlockMap.h">
      <Filter>include</Filter>
    </ClInclude>
    <ClInclude Include="include\fdkgame\NaviTypes.h">
      <Filter>include</Filter>
    </ClInclude>
    <ClInclude Include="include\fdkgame\NaviVertexMap.h">
      <Filter>include</Filter>
    </ClInclude>
    <ClInclude Include="include\fdkgame\NaviMapManager.h">
      <Filter>include</Filter>
    </ClInclude>
  </ItemGroup>
  <ItemGroup>
    <ClCompile Include="src\Base.cpp">
      <Filter>src</Filter>
    </ClCompile>
    <ClCompile Include="src\Math.cpp">
      <Filter>src</Filter>
    </ClCompile>
    <ClCompile Include="src\FindPathAStar.cpp">
      <Filter>src</Filter>
    </ClCompile>
    <ClCompile Include="src\FindPathGridMap.cpp">
      <Filter>src</Filter>
    </ClCompile>
    <ClCompile Include="src\FindPathBase.cpp">
      <Filter>src</Filter>
    </ClCompile>
    <ClCompile Include="src\FindPathHpa.cpp">
      <Filter>src</Filter>
    </ClCompile>
    <ClCompile Include="src\NaviTileMap.cpp">
      <Filter>src</Filter>
    </ClCompile>
    <ClCompile Include="src\NaviBlockMap.cpp">
      <Filter>src</Filter>
    </ClCompile>
    <ClCompile Include="src\NaviVertexMap.cpp">
      <Filter>src</Filter>
    </ClCompile>
    <ClCompile Include="src\NaviMapManager.cpp">
      <Filter>src</Filter>
    </ClCompile>
  </ItemGroup>
</Project>