<?xml version="1.0" encoding="utf-8"?>
<Project ToolsVersion="4.0" xmlns="http://schemas.microsoft.com/developer/msbuild/2003">
  <ItemGroup>
    <None Include="ReadMe.txt" />
  </ItemGroup>
  <ItemGroup>
    <Filter Include="include">
      <UniqueIdentifier>{3eb05928-3064-4783-a914-9c733abf940b}</UniqueIdentifier>
    </Filter>
    <Filter Include="src">
      <UniqueIdentifier>{04783636-aeb5-4e48-be8a-2344270b9471}</UniqueIdentifier>
    </Filter>
  </ItemGroup>
  <ItemGroup>
    <ClInclude Include="include\fdk\Base.h">
      <Filter>include</Filter>
    </ClInclude>
    <ClInclude Include="include\fdk\Rand.h">
      <Filter>include</Filter>
    </ClInclude>
    <ClInclude Include="include\fdk\Misc.h">
      <Filter>include</Filter>
    </ClInclude>
    <ClInclude Include="include\fdk\EventHook.h">
      <Filter>include</Filter>
    </ClInclude>
    <ClInclude Include="include\fdk\String.h">
      <Filter>include</Filter>
    </ClInclude>
    <ClInclude Include="include\fdk\Array2D.h">
      <Filter>include</Filter>
    </ClInclude>
    <ClInclude Include="include\fdk\Memory.h">
      <Filter>include</Filter>
    </ClInclude>
    <ClInclude Include="include\fdk\Module.h">
      <Filter>include</Filter>
    </ClInclude>
    <ClInclude Include="include\fdk\Iterator.h">
      <Filter>include</Filter>
    </ClInclude>
  </ItemGroup>
  <ItemGroup>
    <ClCompile Include="src\Misc.cpp">
      <Filter>src</Filter>
    </ClCompile>
    <ClCompile Include="src\Base.cpp">
      <Filter>src</Filter>
    </ClCompile>
    <ClCompile Include="src\EventHook.cpp">
      <Filter>src</Filter>
    </ClCompile>
    <ClCompile Include="src\String.cpp">
      <Filter>src</Filter>
    </ClCompile>
    <ClCompile Include="src\Module.cpp">
      <Filter>src</Filter>
    </ClCompile>
  </ItemGroup>
</Project>